// !$*UTF8*$!
{
	archiveVersion = 1;
	classes = {
	};
	objectVersion = 55;
	objects = {

/* Begin PBXBuildFile section */
		488BD5292A77C96400796E7B /* AppDelegate.swift in Sources */ = {isa = PBXBuildFile; fileRef = 488BD5282A77C96400796E7B /* AppDelegate.swift */; };
		488BD52B2A77C96400796E7B /* SceneDelegate.swift in Sources */ = {isa = PBXBuildFile; fileRef = 488BD52A2A77C96400796E7B /* SceneDelegate.swift */; };
		488BD52D2A77C96400796E7B /* FirstViewController.swift in Sources */ = {isa = PBXBuildFile; fileRef = 488BD52C2A77C96400796E7B /* FirstViewController.swift */; };
		488BD5322A77C96600796E7B /* Assets.xcassets in Resources */ = {isa = PBXBuildFile; fileRef = 488BD5312A77C96600796E7B /* Assets.xcassets */; };
		488BD5412A77CDA200796E7B /* SecondViewController.swift in Sources */ = {isa = PBXBuildFile; fileRef = 488BD5402A77CDA200796E7B /* SecondViewController.swift */; };
		488BD5442A77FE7E00796E7B /* ThirdViewController.swift in Sources */ = {isa = PBXBuildFile; fileRef = 488BD5432A77FE7E00796E7B /* ThirdViewController.swift */; };
		48CBCAC52A8BEA0100C012C6 /* CustomTableViewCell.swift in Sources */ = {isa = PBXBuildFile; fileRef = 48CBCAC42A8BEA0100C012C6 /* CustomTableViewCell.swift */; };
		48CBCAC82A8CC51400C012C6 /* SnapKit in Frameworks */ = {isa = PBXBuildFile; productRef = 48CBCAC72A8CC51400C012C6 /* SnapKit */; };
		48CBCACB2A8CEB4200C012C6 /* Person.swift in Sources */ = {isa = PBXBuildFile; fileRef = 48CBCACA2A8CEB4200C012C6 /* Person.swift */; };
		7FAEB14D2AB46C360008B068 /* String + Extension.swift in Sources */ = {isa = PBXBuildFile; fileRef = 7FAEB14C2AB46C360008B068 /* String + Extension.swift */; };
		7FAEB1522AB5B6250008B068 /* UserDefaultsManager.swift in Sources */ = {isa = PBXBuildFile; fileRef = 7FAEB1512AB5B6250008B068 /* UserDefaultsManager.swift */; };
		7FAEB1542AB612B10008B068 /* PersonDelegate.swift in Sources */ = {isa = PBXBuildFile; fileRef = 7FAEB1532AB612B10008B068 /* PersonDelegate.swift */; };
/* End PBXBuildFile section */

/* Begin PBXFileReference section */
		488BD5252A77C96400796E7B /* Lesson 5.app */ = {isa = PBXFileReference; explicitFileType = wrapper.application; includeInIndex = 0; path = "Lesson 5.app"; sourceTree = BUILT_PRODUCTS_DIR; };
		488BD5282A77C96400796E7B /* AppDelegate.swift */ = {isa = PBXFileReference; lastKnownFileType = sourcecode.swift; path = AppDelegate.swift; sourceTree = "<group>"; };
		488BD52A2A77C96400796E7B /* SceneDelegate.swift */ = {isa = PBXFileReference; lastKnownFileType = sourcecode.swift; path = SceneDelegate.swift; sourceTree = "<group>"; };
		488BD52C2A77C96400796E7B /* FirstViewController.swift */ = {isa = PBXFileReference; lastKnownFileType = sourcecode.swift; path = FirstViewController.swift; sourceTree = "<group>"; };
		488BD5312A77C96600796E7B /* Assets.xcassets */ = {isa = PBXFileReference; lastKnownFileType = folder.assetcatalog; path = Assets.xcassets; sourceTree = "<group>"; };
		488BD5362A77C96600796E7B /* Info.plist */ = {isa = PBXFileReference; lastKnownFileType = text.plist.xml; path = Info.plist; sourceTree = "<group>"; };
		488BD5402A77CDA200796E7B /* SecondViewController.swift */ = {isa = PBXFileReference; lastKnownFileType = sourcecode.swift; path = SecondViewController.swift; sourceTree = "<group>"; };
		488BD5432A77FE7E00796E7B /* ThirdViewController.swift */ = {isa = PBXFileReference; lastKnownFileType = sourcecode.swift; path = ThirdViewController.swift; sourceTree = "<group>"; };
		48CBCAC42A8BEA0100C012C6 /* CustomTableViewCell.swift */ = {isa = PBXFileReference; lastKnownFileType = sourcecode.swift; path = CustomTableViewCell.swift; sourceTree = "<group>"; };
		48CBCACA2A8CEB4200C012C6 /* Person.swift */ = {isa = PBXFileReference; lastKnownFileType = sourcecode.swift; path = Person.swift; sourceTree = "<group>"; };
		7FAEB14C2AB46C360008B068 /* String + Extension.swift */ = {isa = PBXFileReference; lastKnownFileType = sourcecode.swift; path = "String + Extension.swift"; sourceTree = "<group>"; };
		7FAEB1512AB5B6250008B068 /* UserDefaultsManager.swift */ = {isa = PBXFileReference; lastKnownFileType = sourcecode.swift; path = UserDefaultsManager.swift; sourceTree = "<group>"; };
		7FAEB1532AB612B10008B068 /* PersonDelegate.swift */ = {isa = PBXFileReference; lastKnownFileType = sourcecode.swift; path = PersonDelegate.swift; sourceTree = "<group>"; };
/* End PBXFileReference section */

/* Begin PBXFrameworksBuildPhase section */
		488BD5222A77C96400796E7B /* Frameworks */ = {
			isa = PBXFrameworksBuildPhase;
			buildActionMask = 2147483647;
			files = (
				48CBCAC82A8CC51400C012C6 /* SnapKit in Frameworks */,
			);
			runOnlyForDeploymentPostprocessing = 0;
		};
/* End PBXFrameworksBuildPhase section */

/* Begin PBXGroup section */
		488BD51C2A77C96300796E7B = {
			isa = PBXGroup;
			children = (
				488BD5272A77C96400796E7B /* Lesson 5 */,
				488BD5262A77C96400796E7B /* Products */,
			);
			sourceTree = "<group>";
		};
		488BD5262A77C96400796E7B /* Products */ = {
			isa = PBXGroup;
			children = (
				488BD5252A77C96400796E7B /* Lesson 5.app */,
			);
			name = Products;
			sourceTree = "<group>";
		};
		488BD5272A77C96400796E7B /* Lesson 5 */ = {
			isa = PBXGroup;
			children = (
				7FAEB14E2AB46F280008B068 /* Extensions */,
				488BD53C2A77C9CD00796E7B /* App */,
				48CBCAC92A8CEB3100C012C6 /* Model */,
				488BD53E2A77CA7900796E7B /* Auth */,
				488BD53F2A77CD7400796E7B /* SecondScene */,
				488BD5422A77FE3000796E7B /* ThirdScene */,
				7FAEB1482AB461A40008B068 /* Views */,
				7FAEB14F2AB5B5C10008B068 /* Services */,
				488BD53D2A77CA1500796E7B /* Resources */,
			);
			path = "Lesson 5";
			sourceTree = "<group>";
		};
		488BD53C2A77C9CD00796E7B /* App */ = {
			isa = PBXGroup;
			children = (
				488BD52A2A77C96400796E7B /* SceneDelegate.swift */,
				488BD5282A77C96400796E7B /* AppDelegate.swift */,
			);
			path = App;
			sourceTree = "<group>";
		};
		488BD53D2A77CA1500796E7B /* Resources */ = {
			isa = PBXGroup;
			children = (
				488BD5312A77C96600796E7B /* Assets.xcassets */,
				488BD5362A77C96600796E7B /* Info.plist */,
			);
			path = Resources;
			sourceTree = "<group>";
		};
		488BD53E2A77CA7900796E7B /* Auth */ = {
			isa = PBXGroup;
			children = (
				488BD52C2A77C96400796E7B /* FirstViewController.swift */,
			);
			path = Auth;
			sourceTree = "<group>";
		};
		488BD53F2A77CD7400796E7B /* SecondScene */ = {
			isa = PBXGroup;
			children = (
				488BD5402A77CDA200796E7B /* SecondViewController.swift */,
			);
			path = SecondScene;
			sourceTree = "<group>";
		};
		488BD5422A77FE3000796E7B /* ThirdScene */ = {
			isa = PBXGroup;
			children = (
				488BD5432A77FE7E00796E7B /* ThirdViewController.swift */,
			);
			path = ThirdScene;
			sourceTree = "<group>";
		};
		48CBCAC92A8CEB3100C012C6 /* Model */ = {
			isa = PBXGroup;
			children = (
				48CBCACA2A8CEB4200C012C6 /* Person.swift */,
			);
			path = Model;
			sourceTree = "<group>";
		};
		7FAEB1482AB461A40008B068 /* Views */ = {
			isa = PBXGroup;
			children = (
				7FAEB1492AB461BE0008B068 /* Cells */,
			);
			path = Views;
			sourceTree = "<group>";
		};
		7FAEB1492AB461BE0008B068 /* Cells */ = {
			isa = PBXGroup;
			children = (
				48CBCAC42A8BEA0100C012C6 /* CustomTableViewCell.swift */,
			);
			path = Cells;
			sourceTree = "<group>";
		};
		7FAEB14E2AB46F280008B068 /* Extensions */ = {
			isa = PBXGroup;
			children = (
				7FAEB14C2AB46C360008B068 /* String + Extension.swift */,
				7FAEB1532AB612B10008B068 /* PersonDelegate.swift */,
			);
			path = Extensions;
			sourceTree = "<group>";
		};
		7FAEB14F2AB5B5C10008B068 /* Services */ = {
			isa = PBXGroup;
			children = (
				7FAEB1512AB5B6250008B068 /* UserDefaultsManager.swift */,
			);
			path = Services;
			sourceTree = "<group>";
		};
/* End PBXGroup section */

/* Begin PBXNativeTarget section */
		488BD5242A77C96400796E7B /* Lesson 5 */ = {
			isa = PBXNativeTarget;
			buildConfigurationList = 488BD5392A77C96600796E7B /* Build configuration list for PBXNativeTarget "Lesson 5" */;
			buildPhases = (
				488BD5212A77C96400796E7B /* Sources */,
				488BD5222A77C96400796E7B /* Frameworks */,
				488BD5232A77C96400796E7B /* Resources */,
			);
			buildRules = (
			);
			dependencies = (
			);
			name = "Lesson 5";
			packageProductDependencies = (
				48CBCAC72A8CC51400C012C6 /* SnapKit */,
			);
			productName = "Lesson 5";
			productReference = 488BD5252A77C96400796E7B /* Lesson 5.app */;
			productType = "com.apple.product-type.application";
		};
/* End PBXNativeTarget section */

/* Begin PBXProject section */
		488BD51D2A77C96300796E7B /* Project object */ = {
			isa = PBXProject;
			attributes = {
				BuildIndependentTargetsInParallel = 1;
				LastSwiftUpdateCheck = 1430;
				LastUpgradeCheck = 1430;
				TargetAttributes = {
					488BD5242A77C96400796E7B = {
						CreatedOnToolsVersion = 14.3.1;
					};
				};
			};
			buildConfigurationList = 488BD5202A77C96300796E7B /* Build configuration list for PBXProject "Lesson 5" */;
			compatibilityVersion = "Xcode 13.0";
			developmentRegion = en;
			hasScannedForEncodings = 0;
			knownRegions = (
				en,
				Base,
			);
			mainGroup = 488BD51C2A77C96300796E7B;
			packageReferences = (
				48CBCAC62A8CC51400C012C6 /* XCRemoteSwiftPackageReference "SnapKit" */,
			);
			productRefGroup = 488BD5262A77C96400796E7B /* Products */;
			projectDirPath = "";
			projectRoot = "";
			targets = (
				488BD5242A77C96400796E7B /* Lesson 5 */,
			);
		};
/* End PBXProject section */

/* Begin PBXResourcesBuildPhase section */
		488BD5232A77C96400796E7B /* Resources */ = {
			isa = PBXResourcesBuildPhase;
			buildActionMask = 2147483647;
			files = (
				488BD5322A77C96600796E7B /* Assets.xcassets in Resources */,
			);
			runOnlyForDeploymentPostprocessing = 0;
		};
/* End PBXResourcesBuildPhase section */

/* Begin PBXSourcesBuildPhase section */
		488BD5212A77C96400796E7B /* Sources */ = {
			isa = PBXSourcesBuildPhase;
			buildActionMask = 2147483647;
			files = (
				488BD5412A77CDA200796E7B /* SecondViewController.swift in Sources */,
				488BD52D2A77C96400796E7B /* FirstViewController.swift in Sources */,
				7FAEB14D2AB46C360008B068 /* String + Extension.swift in Sources */,
				488BD5442A77FE7E00796E7B /* ThirdViewController.swift in Sources */,
				488BD5292A77C96400796E7B /* AppDelegate.swift in Sources */,
				7FAEB1522AB5B6250008B068 /* UserDefaultsManager.swift in Sources */,
				7FAEB1542AB612B10008B068 /* PersonDelegate.swift in Sources */,
				48CBCACB2A8CEB4200C012C6 /* Person.swift in Sources */,
				48CBCAC52A8BEA0100C012C6 /* CustomTableViewCell.swift in Sources */,
				488BD52B2A77C96400796E7B /* SceneDelegate.swift in Sources */,
			);
			runOnlyForDeploymentPostprocessing = 0;
		};
/* End PBXSourcesBuildPhase section */

/* Begin XCBuildConfiguration section */
		488BD5372A77C96600796E7B /* Debug */ = {
			isa = XCBuildConfiguration;
			buildSettings = {
				ALWAYS_SEARCH_USER_PATHS = NO;
				CLANG_ANALYZER_NONNULL = YES;
				CLANG_ANALYZER_NUMBER_OBJECT_CONVERSION = YES_AGGRESSIVE;
				CLANG_CXX_LANGUAGE_STANDARD = "gnu++20";
				CLANG_ENABLE_MODULES = YES;
				CLANG_ENABLE_OBJC_ARC = YES;
				CLANG_ENABLE_OBJC_WEAK = YES;
				CLANG_WARN_BLOCK_CAPTURE_AUTORELEASING = YES;
				CLANG_WARN_BOOL_CONVERSION = YES;
				CLANG_WARN_COMMA = YES;
				CLANG_WARN_CONSTANT_CONVERSION = YES;
				CLANG_WARN_DEPRECATED_OBJC_IMPLEMENTATIONS = YES;
				CLANG_WARN_DIRECT_OBJC_ISA_USAGE = YES_ERROR;
				CLANG_WARN_DOCUMENTATION_COMMENTS = YES;
				CLANG_WARN_EMPTY_BODY = YES;
				CLANG_WARN_ENUM_CONVERSION = YES;
				CLANG_WARN_INFINITE_RECURSION = YES;
				CLANG_WARN_INT_CONVERSION = YES;
				CLANG_WARN_NON_LITERAL_NULL_CONVERSION = YES;
				CLANG_WARN_OBJC_IMPLICIT_RETAIN_SELF = YES;
				CLANG_WARN_OBJC_LITERAL_CONVERSION = YES;
				CLANG_WARN_OBJC_ROOT_CLASS = YES_ERROR;
				CLANG_WARN_QUOTED_INCLUDE_IN_FRAMEWORK_HEADER = YES;
				CLANG_WARN_RANGE_LOOP_ANALYSIS = YES;
				CLANG_WARN_STRICT_PROTOTYPES = YES;
				CLANG_WARN_SUSPICIOUS_MOVE = YES;
				CLANG_WARN_UNGUARDED_AVAILABILITY = YES_AGGRESSIVE;
				CLANG_WARN_UNREACHABLE_CODE = YES;
				CLANG_WARN__DUPLICATE_METHOD_MATCH = YES;
				COPY_PHASE_STRIP = NO;
				DEBUG_INFORMATION_FORMAT = dwarf;
				ENABLE_STRICT_OBJC_MSGSEND = YES;
				ENABLE_TESTABILITY = YES;
				GCC_C_LANGUAGE_STANDARD = gnu11;
				GCC_DYNAMIC_NO_PIC = NO;
				GCC_NO_COMMON_BLOCKS = YES;
				GCC_OPTIMIZATION_LEVEL = 0;
				GCC_PREPROCESSOR_DEFINITIONS = (
					"DEBUG=1",
					"$(inherited)",
				);
				GCC_WARN_64_TO_32_BIT_CONVERSION = YES;
				GCC_WARN_ABOUT_RETURN_TYPE = YES_ERROR;
				GCC_WARN_UNDECLARED_SELECTOR = YES;
				GCC_WARN_UNINITIALIZED_AUTOS = YES_AGGRESSIVE;
				GCC_WARN_UNUSED_FUNCTION = YES;
				GCC_WARN_UNUSED_VARIABLE = YES;
				IPHONEOS_DEPLOYMENT_TARGET = 13.0;
				MTL_ENABLE_DEBUG_INFO = INCLUDE_SOURCE;
				MTL_FAST_MATH = YES;
				ONLY_ACTIVE_ARCH = YES;
				SDKROOT = iphoneos;
				SWIFT_ACTIVE_COMPILATION_CONDITIONS = DEBUG;
				SWIFT_OPTIMIZATION_LEVEL = "-Onone";
			};
			name = Debug;
		};
		488BD5382A77C96600796E7B /* Release */ = {
			isa = XCBuildConfiguration;
			buildSettings = {
				ALWAYS_SEARCH_USER_PATHS = NO;
				CLANG_ANALYZER_NONNULL = YES;
				CLANG_ANALYZER_NUMBER_OBJECT_CONVERSION = YES_AGGRESSIVE;
				CLANG_CXX_LANGUAGE_STANDARD = "gnu++20";
				CLANG_ENABLE_MODULES = YES;
				CLANG_ENABLE_OBJC_ARC = YES;
				CLANG_ENABLE_OBJC_WEAK = YES;
				CLANG_WARN_BLOCK_CAPTURE_AUTORELEASING = YES;
				CLANG_WARN_BOOL_CONVERSION = YES;
				CLANG_WARN_COMMA = YES;
				CLANG_WARN_CONSTANT_CONVERSION = YES;
				CLANG_WARN_DEPRECATED_OBJC_IMPLEMENTATIONS = YES;
				CLANG_WARN_DIRECT_OBJC_ISA_USAGE = YES_ERROR;
				CLANG_WARN_DOCUMENTATION_COMMENTS = YES;
				CLANG_WARN_EMPTY_BODY = YES;
				CLANG_WARN_ENUM_CONVERSION = YES;
				CLANG_WARN_INFINITE_RECURSION = YES;
				CLANG_WARN_INT_CONVERSION = YES;
				CLANG_WARN_NON_LITERAL_NULL_CONVERSION = YES;
				CLANG_WARN_OBJC_IMPLICIT_RETAIN_SELF = YES;
				CLANG_WARN_OBJC_LITERAL_CONVERSION = YES;
				CLANG_WARN_OBJC_ROOT_CLASS = YES_ERROR;
				CLANG_WARN_QUOTED_INCLUDE_IN_FRAMEWORK_HEADER = YES;
				CLANG_WARN_RANGE_LOOP_ANALYSIS = YES;
				CLANG_WARN_STRICT_PROTOTYPES = YES;
				CLANG_WARN_SUSPICIOUS_MOVE = YES;
				CLANG_WARN_UNGUARDED_AVAILABILITY = YES_AGGRESSIVE;
				CLANG_WARN_UNREACHABLE_CODE = YES;
				CLANG_WARN__DUPLICATE_METHOD_MATCH = YES;
				COPY_PHASE_STRIP = NO;
				DEBUG_INFORMATION_FORMAT = "dwarf-with-dsym";
				ENABLE_NS_ASSERTIONS = NO;
				ENABLE_STRICT_OBJC_MSGSEND = YES;
				GCC_C_LANGUAGE_STANDARD = gnu11;
				GCC_NO_COMMON_BLOCKS = YES;
				GCC_WARN_64_TO_32_BIT_CONVERSION = YES;
				GCC_WARN_ABOUT_RETURN_TYPE = YES_ERROR;
				GCC_WARN_UNDECLARED_SELECTOR = YES;
				GCC_WARN_UNINITIALIZED_AUTOS = YES_AGGRESSIVE;
				GCC_WARN_UNUSED_FUNCTION = YES;
				GCC_WARN_UNUSED_VARIABLE = YES;
				IPHONEOS_DEPLOYMENT_TARGET = 13.0;
				MTL_ENABLE_DEBUG_INFO = NO;
				MTL_FAST_MATH = YES;
				SDKROOT = iphoneos;
				SWIFT_COMPILATION_MODE = wholemodule;
				SWIFT_OPTIMIZATION_LEVEL = "-O";
				VALIDATE_PRODUCT = YES;
			};
			name = Release;
		};
		488BD53A2A77C96600796E7B /* Debug */ = {
			isa = XCBuildConfiguration;
			buildSettings = {
				ASSETCATALOG_COMPILER_APPICON_NAME = AppIcon;
				ASSETCATALOG_COMPILER_GLOBAL_ACCENT_COLOR_NAME = AccentColor;
				CODE_SIGN_IDENTITY = "Apple Development";
				CODE_SIGN_STYLE = Automatic;
				CURRENT_PROJECT_VERSION = 1;
				DEVELOPMENT_TEAM = JRC895P842;
				GENERATE_INFOPLIST_FILE = YES;
				INFOPLIST_FILE = "Lesson 5/Resources/Info.plist";
				INFOPLIST_KEY_UIApplicationSupportsIndirectInputEvents = YES;
				INFOPLIST_KEY_UILaunchStoryboardName = LaunchScreen;
				INFOPLIST_KEY_UIMainStoryboardFile = "";
				INFOPLIST_KEY_UIStatusBarStyle = "";
				INFOPLIST_KEY_UISupportedInterfaceOrientations = UIInterfaceOrientationPortrait;
				INFOPLIST_KEY_UISupportedInterfaceOrientations_iPad = "UIInterfaceOrientationLandscapeLeft UIInterfaceOrientationLandscapeRight UIInterfaceOrientationPortrait UIInterfaceOrientationPortraitUpsideDown";
				IPHONEOS_DEPLOYMENT_TARGET = 14.0;
				LD_RUNPATH_SEARCH_PATHS = (
					"$(inherited)",
					"@executable_path/Frameworks",
				);
				MARKETING_VERSION = 1.0;
				PRODUCT_BUNDLE_IDENTIFIER = "Homework.Lesson-5";
				PRODUCT_NAME = "$(TARGET_NAME)";
				PROVISIONING_PROFILE_SPECIFIER = "";
				SUPPORTED_PLATFORMS = "iphoneos iphonesimulator";
				SUPPORTS_MACCATALYST = NO;
				SUPPORTS_MAC_DESIGNED_FOR_IPHONE_IPAD = NO;
				SWIFT_EMIT_LOC_STRINGS = YES;
				SWIFT_VERSION = 5.0;
				TARGETED_DEVICE_FAMILY = 1;
			};
			name = Debug;
		};
		488BD53B2A77C96600796E7B /* Release */ = {
			isa = XCBuildConfiguration;
			buildSettings = {
				ASSETCATALOG_COMPILER_APPICON_NAME = AppIcon;
				ASSETCATALOG_COMPILER_GLOBAL_ACCENT_COLOR_NAME = AccentColor;
				CODE_SIGN_IDENTITY = "Apple Development";
				CODE_SIGN_STYLE = Automatic;
				CURRENT_PROJECT_VERSION = 1;
				DEVELOPMENT_TEAM = JRC895P842;
				GENERATE_INFOPLIST_FILE = YES;
				INFOPLIST_FILE = "Lesson 5/Resources/Info.plist";
				INFOPLIST_KEY_UIApplicationSupportsIndirectInputEvents = YES;
				INFOPLIST_KEY_UILaunchStoryboardName = LaunchScreen;
				INFOPLIST_KEY_UIMainStoryboardFile = "";
				INFOPLIST_KEY_UIStatusBarStyle = "";
				INFOPLIST_KEY_UISupportedInterfaceOrientations = UIInterfaceOrientationPortrait;
				INFOPLIST_KEY_UISupportedInterfaceOrientations_iPad = "UIInterfaceOrientationLandscapeLeft UIInterfaceOrientationLandscapeRight UIInterfaceOrientationPortrait UIInterfaceOrientationPortraitUpsideDown";
				IPHONEOS_DEPLOYMENT_TARGET = 14.0;
				LD_RUNPATH_SEARCH_PATHS = (
					"$(inherited)",
					"@executable_path/Frameworks",
				);
				MARKETING_VERSION = 1.0;
				PRODUCT_BUNDLE_IDENTIFIER = "Homework.Lesson-5";
				PRODUCT_NAME = "$(TARGET_NAME)";
				PROVISIONING_PROFILE_SPECIFIER = "";
				SUPPORTED_PLATFORMS = "iphoneos iphonesimulator";
				SUPPORTS_MACCATALYST = NO;
				SUPPORTS_MAC_DESIGNED_FOR_IPHONE_IPAD = NO;
				SWIFT_EMIT_LOC_STRINGS = YES;
				SWIFT_VERSION = 5.0;
				TARGETED_DEVICE_FAMILY = 1;
			};
			name = Release;
		};
/* End XCBuildConfiguration section */

/* Begin XCConfigurationList section */
		488BD5202A77C96300796E7B /* Build configuration list for PBXProject "Lesson 5" */ = {
			isa = XCConfigurationList;
			buildConfigurations = (
				488BD5372A77C96600796E7B /* Debug */,
				488BD5382A77C96600796E7B /* Release */,
			);
			defaultConfigurationIsVisible = 0;
			defaultConfigurationName = Release;
		};
		488BD5392A77C96600796E7B /* Build configuration list for PBXNativeTarget "Lesson 5" */ = {
			isa = XCConfigurationList;
			buildConfigurations = (
				488BD53A2A77C96600796E7B /* Debug */,
				488BD53B2A77C96600796E7B /* Release */,
			);
			defaultConfigurationIsVisible = 0;
			defaultConfigurationName = Release;
		};
/* End XCConfigurationList section */

/* Begin XCRemoteSwiftPackageReference section */
		48CBCAC62A8CC51400C012C6 /* XCRemoteSwiftPackageReference "SnapKit" */ = {
			isa = XCRemoteSwiftPackageReference;
			repositoryURL = "https://github.com/SnapKit/SnapKit";
			requirement = {
				kind = upToNextMajorVersion;
				minimumVersion = 5.0.0;
			};
		};
/* End XCRemoteSwiftPackageReference section */

/* Begin XCSwiftPackageProductDependency section */
		48CBCAC72A8CC51400C012C6 /* SnapKit */ = {
			isa = XCSwiftPackageProductDependency;
			package = 48CBCAC62A8CC51400C012C6 /* XCRemoteSwiftPackageReference "SnapKit" */;
			productName = SnapKit;
		};
/* End XCSwiftPackageProductDependency section */
	};
	rootObject = 488BD51D2A77C96300796E7B /* Project object */;
}
